// !$*UTF8*$!
{
	archiveVersion = 1;
	classes = {
	};
	objectVersion = 46;
	objects = {

/* Begin PBXBuildFile section */
		968D8F511B0B841900929144 /* AppDelegate.swift in Sources */ = {isa = PBXBuildFile; fileRef = 968D8F501B0B841900929144 /* AppDelegate.swift */; };
		968D8F531B0B841900929144 /* ViewController.swift in Sources */ = {isa = PBXBuildFile; fileRef = 968D8F521B0B841900929144 /* ViewController.swift */; };
		968D8F561B0B841900929144 /* Main.storyboard in Resources */ = {isa = PBXBuildFile; fileRef = 968D8F541B0B841900929144 /* Main.storyboard */; };
		968D8F581B0B841900929144 /* Images.xcassets in Resources */ = {isa = PBXBuildFile; fileRef = 968D8F571B0B841900929144 /* Images.xcassets */; };
		968D8F5B1B0B841900929144 /* LaunchScreen.xib in Resources */ = {isa = PBXBuildFile; fileRef = 968D8F591B0B841900929144 /* LaunchScreen.xib */; };
		968D8F671B0B841900929144 /* PostcardTests.swift in Sources */ = {isa = PBXBuildFile; fileRef = 968D8F661B0B841900929144 /* PostcardTests.swift */; };
		968D8F731B0B8D3C00929144 /* SagradaFamilia.jpeg in Resources */ = {isa = PBXBuildFile; fileRef = 968D8F721B0B8D3C00929144 /* SagradaFamilia.jpeg */; };
		968D8F751B0B9D5800929144 /* AlbertEinsteinStamp.jpg in Resources */ = {isa = PBXBuildFile; fileRef = 968D8F741B0B9D5800929144 /* AlbertEinsteinStamp.jpg */; };
/* End PBXBuildFile section */

/* Begin PBXContainerItemProxy section */
		968D8F611B0B841900929144 /* PBXContainerItemProxy */ = {
			isa = PBXContainerItemProxy;
			containerPortal = 968D8F431B0B841900929144 /* Project object */;
			proxyType = 1;
			remoteGlobalIDString = 968D8F4A1B0B841900929144;
			remoteInfo = Postcard;
		};
/* End PBXContainerItemProxy section */

/* Begin PBXFileReference section */
		968D8F4B1B0B841900929144 /* Postcard.app */ = {isa = PBXFileReference; explicitFileType = wrapper.application; includeInIndex = 0; path = Postcard.app; sourceTree = BUILT_PRODUCTS_DIR; };
		968D8F4F1B0B841900929144 /* Info.plist */ = {isa = PBXFileReference; lastKnownFileType = text.plist.xml; path = Info.plist; sourceTree = "<group>"; };
		968D8F501B0B841900929144 /* AppDelegate.swift */ = {isa = PBXFileReference; lastKnownFileType = sourcecode.swift; path = AppDelegate.swift; sourceTree = "<group>"; };
		968D8F521B0B841900929144 /* ViewController.swift */ = {isa = PBXFileReference; lastKnownFileType = sourcecode.swift; path = ViewController.swift; sourceTree = "<group>"; };
		968D8F551B0B841900929144 /* Base */ = {isa = PBXFileReference; lastKnownFileType = file.storyboard; name = Base; path = Base.lproj/Main.storyboard; sourceTree = "<group>"; };
		968D8F571B0B841900929144 /* Images.xcassets */ = {isa = PBXFileReference; lastKnownFileType = folder.assetcatalog; path = Images.xcassets; sourceTree = "<group>"; };
		968D8F5A1B0B841900929144 /* Base */ = {isa = PBXFileReference; lastKnownFileType = file.xib; name = Base; path = Base.lproj/LaunchScreen.xib; sourceTree = "<group>"; };
		968D8F601B0B841900929144 /* PostcardTests.xctest */ = {isa = PBXFileReference; explicitFileType = wrapper.cfbundle; includeInIndex = 0; path = PostcardTests.xctest; sourceTree = BUILT_PRODUCTS_DIR; };
		968D8F651B0B841900929144 /* Info.plist */ = {isa = PBXFileReference; lastKnownFileType = text.plist.xml; path = Info.plist; sourceTree = "<group>"; };
		968D8F661B0B841900929144 /* PostcardTests.swift */ = {isa = PBXFileReference; lastKnownFileType = sourcecode.swift; path = PostcardTests.swift; sourceTree = "<group>"; };
		968D8F721B0B8D3C00929144 /* SagradaFamilia.jpeg */ = {isa = PBXFileReference; lastKnownFileType = image.jpeg; path = SagradaFamilia.jpeg; sourceTree = "<group>"; };
		968D8F741B0B9D5800929144 /* AlbertEinsteinStamp.jpg */ = {isa = PBXFileReference; lastKnownFileType = image.jpeg; path = AlbertEinsteinStamp.jpg; sourceTree = "<group>"; };
/* End PBXFileReference section */

/* Begin PBXFrameworksBuildPhase section */
		968D8F481B0B841900929144 /* Frameworks */ = {
			isa = PBXFrameworksBuildPhase;
			buildActionMask = 2147483647;
			files = (
			);
			runOnlyForDeploymentPostprocessing = 0;
		};
		968D8F5D1B0B841900929144 /* Frameworks */ = {
			isa = PBXFrameworksBuildPhase;
			buildActionMask = 2147483647;
			files = (
			);
			runOnlyForDeploymentPostprocessing = 0;
		};
/* End PBXFrameworksBuildPhase section */

/* Begin PBXGroup section */
		968D8F421B0B841900929144 = {
			isa = PBXGroup;
			children = (
				968D8F4D1B0B841900929144 /* Postcard */,
				968D8F631B0B841900929144 /* PostcardTests */,
				968D8F4C1B0B841900929144 /* Products */,
			);
			sourceTree = "<group>";
		};
		968D8F4C1B0B841900929144 /* Products */ = {
			isa = PBXGroup;
			children = (
				968D8F4B1B0B841900929144 /* Postcard.app */,
				968D8F601B0B841900929144 /* PostcardTests.xctest */,
			);
			name = Products;
			sourceTree = "<group>";
		};
		968D8F4D1B0B841900929144 /* Postcard */ = {
			isa = PBXGroup;
			children = (
				968D8F501B0B841900929144 /* AppDelegate.swift */,
				968D8F521B0B841900929144 /* ViewController.swift */,
				968D8F541B0B841900929144 /* Main.storyboard */,
				968D8F591B0B841900929144 /* LaunchScreen.xib */,
				968D8F4E1B0B841900929144 /* Supporting Files */,
			);
			path = Postcard;
			sourceTree = "<group>";
		};
		968D8F4E1B0B841900929144 /* Supporting Files */ = {
			isa = PBXGroup;
			children = (
				968D8F721B0B8D3C00929144 /* SagradaFamilia.jpeg */,
				968D8F741B0B9D5800929144 /* AlbertEinsteinStamp.jpg */,
				968D8F571B0B841900929144 /* Images.xcassets */,
				968D8F4F1B0B841900929144 /* Info.plist */,
			);
			name = "Supporting Files";
			sourceTree = "<group>";
		};
		968D8F631B0B841900929144 /* PostcardTests */ = {
			isa = PBXGroup;
			children = (
				968D8F661B0B841900929144 /* PostcardTests.swift */,
				968D8F641B0B841900929144 /* Supporting Files */,
			);
			path = PostcardTests;
			sourceTree = "<group>";
		};
		968D8F641B0B841900929144 /* Supporting Files */ = {
			isa = PBXGroup;
			children = (
				968D8F651B0B841900929144 /* Info.plist */,
			);
			name = "Supporting Files";
			sourceTree = "<group>";
		};
/* End PBXGroup section */

/* Begin PBXNativeTarget section */
		968D8F4A1B0B841900929144 /* Postcard */ = {
			isa = PBXNativeTarget;
			buildConfigurationList = 968D8F6A1B0B841900929144 /* Build configuration list for PBXNativeTarget "Postcard" */;
			buildPhases = (
				968D8F471B0B841900929144 /* Sources */,
				968D8F481B0B841900929144 /* Frameworks */,
				968D8F491B0B841900929144 /* Resources */,
			);
			buildRules = (
			);
			dependencies = (
			);
			name = Postcard;
			productName = Postcard;
			productReference = 968D8F4B1B0B841900929144 /* Postcard.app */;
			productType = "com.apple.product-type.application";
		};
		968D8F5F1B0B841900929144 /* PostcardTests */ = {
			isa = PBXNativeTarget;
			buildConfigurationList = 968D8F6D1B0B841900929144 /* Build configuration list for PBXNativeTarget "PostcardTests" */;
			buildPhases = (
				968D8F5C1B0B841900929144 /* Sources */,
				968D8F5D1B0B841900929144 /* Frameworks */,
				968D8F5E1B0B841900929144 /* Resources */,
			);
			buildRules = (
			);
			dependencies = (
				968D8F621B0B841900929144 /* PBXTargetDependency */,
			);
			name = PostcardTests;
			productName = PostcardTests;
			productReference = 968D8F601B0B841900929144 /* PostcardTests.xctest */;
			productType = "com.apple.product-type.bundle.unit-test";
		};
/* End PBXNativeTarget section */

/* Begin PBXProject section */
		968D8F431B0B841900929144 /* Project object */ = {
			isa = PBXProject;
			attributes = {
				LastUpgradeCheck = 0630;
				ORGANIZATIONNAME = Koden;
				TargetAttributes = {
					968D8F4A1B0B841900929144 = {
						CreatedOnToolsVersion = 6.3.1;
					};
					968D8F5F1B0B841900929144 = {
						CreatedOnToolsVersion = 6.3.1;
						TestTargetID = 968D8F4A1B0B841900929144;
					};
				};
			};
			buildConfigurationList = 968D8F461B0B841900929144 /* Build configuration list for PBXProject "Postcard" */;
			compatibilityVersion = "Xcode 3.2";
			developmentRegion = English;
			hasScannedForEncodings = 0;
			knownRegions = (
				en,
				Base,
			);
			mainGroup = 968D8F421B0B841900929144;
			productRefGroup = 968D8F4C1B0B841900929144 /* Products */;
			projectDirPath = "";
			projectRoot = "";
			targets = (
				968D8F4A1B0B841900929144 /* Postcard */,
				968D8F5F1B0B841900929144 /* PostcardTests */,
			);
		};
/* End PBXProject section */

/* Begin PBXResourcesBuildPhase section */
		968D8F491B0B841900929144 /* Resources */ = {
			isa = PBXResourcesBuildPhase;
			buildActionMask = 2147483647;
			files = (
				968D8F561B0B841900929144 /* Main.storyboard in Resources */,
				968D8F731B0B8D3C00929144 /* SagradaFamilia.jpeg in Resources */,
				968D8F751B0B9D5800929144 /* AlbertEinsteinStamp.jpg in Resources */,
				968D8F5B1B0B841900929144 /* LaunchScreen.xib in Resources */,
				968D8F581B0B841900929144 /* Images.xcassets in Resources */,
			);
			runOnlyForDeploymentPostprocessing = 0;
		};
		968D8F5E1B0B841900929144 /* Resources */ = {
			isa = PBXResourcesBuildPhase;
			buildActionMask = 2147483647;
			files = (
			);
			runOnlyForDeploymentPostprocessing = 0;
		};
/* End PBXResourcesBuildPhase section */

/* Begin PBXSourcesBuildPhase section */
		968D8F471B0B841900929144 /* Sources */ = {
			isa = PBXSourcesBuildPhase;
			buildActionMask = 2147483647;
			files = (
				968D8F531B0B841900929144 /* ViewController.swift in Sources */,
				968D8F511B0B841900929144 /* AppDelegate.swift in Sources */,
			);
			runOnlyForDeploymentPostprocessing = 0;
		};
		968D8F5C1B0B841900929144 /* Sources */ = {
			isa = PBXSourcesBuildPhase;
			buildActionMask = 2147483647;
			files = (
				968D8F671B0B841900929144 /* PostcardTests.swift in Sources */,
			);
			runOnlyForDeploymentPostprocessing = 0;
		};
/* End PBXSourcesBuildPhase section */

/* Begin PBXTargetDependency section */
		968D8F621B0B841900929144 /* PBXTargetDependency */ = {
			isa = PBXTargetDependency;
			target = 968D8F4A1B0B841900929144 /* Postcard */;
			targetProxy = 968D8F611B0B841900929144 /* PBXContainerItemProxy */;
		};
/* End PBXTargetDependency section */

/* Begin PBXVariantGroup section */
		968D8F541B0B841900929144 /* Main.storyboard */ = {
			isa = PBXVariantGroup;
			children = (
				968D8F551B0B841900929144 /* Base */,
			);
			name = Main.storyboard;
			sourceTree = "<group>";
		};
		968D8F591B0B841900929144 /* LaunchScreen.xib */ = {
			isa = PBXVariantGroup;
			children = (
				968D8F5A1B0B841900929144 /* Base */,
			);
			name = LaunchScreen.xib;
			sourceTree = "<group>";
		};
/* End PBXVariantGroup section */

/* Begin XCBuildConfiguration section */
		968D8F681B0B841900929144 /* Debug */ = {
			isa = XCBuildConfiguration;
			buildSettings = {
				ALWAYS_SEARCH_USER_PATHS = NO;
				CLANG_CXX_LANGUAGE_STANDARD = "gnu++0x";
				CLANG_CXX_LIBRARY = "libc++";
				CLANG_ENABLE_MODULES = YES;
				CLANG_ENABLE_OBJC_ARC = YES;
				CLANG_WARN_BOOL_CONVERSION = YES;
				CLANG_WARN_CONSTANT_CONVERSION = YES;
				CLANG_WARN_DIRECT_OBJC_ISA_USAGE = YES_ERROR;
				CLANG_WARN_EMPTY_BODY = YES;
				CLANG_WARN_ENUM_CONVERSION = YES;
				CLANG_WARN_INT_CONVERSION = YES;
				CLANG_WARN_OBJC_ROOT_CLASS = YES_ERROR;
				CLANG_WARN_UNREACHABLE_CODE = YES;
				CLANG_WARN__DUPLICATE_METHOD_MATCH = YES;
				"CODE_SIGN_IDENTITY[sdk=iphoneos*]" = "iPhone Developer";
				COPY_PHASE_STRIP = NO;
				DEBUG_INFORMATION_FORMAT = "dwarf-with-dsym";
				ENABLE_STRICT_OBJC_MSGSEND = YES;
				GCC_C_LANGUAGE_STANDARD = gnu99;
				GCC_DYNAMIC_NO_PIC = NO;
				GCC_NO_COMMON_BLOCKS = YES;
				GCC_OPTIMIZATION_LEVEL = 0;
				GCC_PREPROCESSOR_DEFINITIONS = (
					"DEBUG=1",
					"$(inherited)",
				);
				GCC_SYMBOLS_PRIVATE_EXTERN = NO;
				GCC_WARN_64_TO_32_BIT_CONVERSION = YES;
				GCC_WARN_ABOUT_RETURN_TYPE = YES_ERROR;
				GCC_WARN_UNDECLARED_SELECTOR = YES;
				GCC_WARN_UNINITIALIZED_AUTOS = YES_AGGRESSIVE;
				GCC_WARN_UNUSED_FUNCTION = YES;
				GCC_WARN_UNUSED_VARIABLE = YES;
				IPHONEOS_DEPLOYMENT_TARGET = 8.3;
				MTL_ENABLE_DEBUG_INFO = YES;
				ONLY_ACTIVE_ARCH = YES;
				SDKROOT = iphoneos;
				SWIFT_OPTIMIZATION_LEVEL = "-Onone";
				TARGETED_DEVICE_FAMILY = "1,2";
			};
			name = Debug;
		};
		968D8F691B0B841900929144 /* Release */ = {
			isa = XCBuildConfiguration;
			buildSettings = {
				ALWAYS_SEARCH_USER_PATHS = NO;
				CLANG_CXX_LANGUAGE_STANDARD = "gnu++0x";
				CLANG_CXX_LIBRARY = "libc++";
				CLANG_ENABLE_MODULES = YES;
				CLANG_ENABLE_OBJC_ARC = YES;
				CLANG_WARN_BOOL_CONVERSION = YES;
				CLANG_WARN_CONSTANT_CONVERSION = YES;
				CLANG_WARN_DIRECT_OBJC_ISA_USAGE = YES_ERROR;
				CLANG_WARN_EMPTY_BODY = YES;
				CLANG_WARN_ENUM_CONVERSION = YES;
				CLANG_WARN_INT_CONVERSION = YES;
				CLANG_WARN_OBJC_ROOT_CLASS = YES_ERROR;
				CLANG_WARN_UNREACHABLE_CODE = YES;
				CLANG_WARN__DUPLICATE_METHOD_MATCH = YES;
				"CODE_SIGN_IDENTITY[sdk=iphoneos*]" = "iPhone Developer";
				COPY_PHASE_STRIP = NO;
				DEBUG_INFORMATION_FORMAT = "dwarf-with-dsym";
				ENABLE_NS_ASSERTIONS = NO;
				ENABLE_STRICT_OBJC_MSGSEND = YES;
				GCC_C_LANGUAGE_STANDARD = gnu99;
				GCC_NO_COMMON_BLOCKS = YES;
				GCC_WARN_64_TO_32_BIT_CONVERSION = YES;
				GCC_WARN_ABOUT_RETURN_TYPE = YES_ERROR;
				GCC_WARN_UNDECLARED_SELECTOR = YES;
				GCC_WARN_UNINITIALIZED_AUTOS = YES_AGGRESSIVE;
				GCC_WARN_UNUSED_FUNCTION = YES;
				GCC_WARN_UNUSED_VARIABLE = YES;
				IPHONEOS_DEPLOYMENT_TARGET = 8.3;
				MTL_ENABLE_DEBUG_INFO = NO;
				SDKROOT = iphoneos;
				TARGETED_DEVICE_FAMILY = "1,2";
				VALIDATE_PRODUCT = YES;
			};
			name = Release;
		};
		968D8F6B1B0B841900929144 /* Debug */ = {
			isa = XCBuildConfiguration;
			buildSettings = {
				ASSETCATALOG_COMPILER_APPICON_NAME = AppIcon;
				INFOPLIST_FILE = Postcard/Info.plist;
				LD_RUNPATH_SEARCH_PATHS = "$(inherited) @executable_path/Frameworks";
				PRODUCT_NAME = "$(TARGET_NAME)";
			};
			name = Debug;
		};
		968D8F6C1B0B841900929144 /* Release */ = {
			isa = XCBuildConfiguration;
			buildSettings = {
				ASSETCATALOG_COMPILER_APPICON_NAME = AppIcon;
				INFOPLIST_FILE = Postcard/Info.plist;
				LD_RUNPATH_SEARCH_PATHS = "$(inherited) @executable_path/Frameworks";
				PRODUCT_NAME = "$(TARGET_NAME)";
			};
			name = Release;
		};
		968D8F6E1B0B841900929144 /* Debug */ = {
			isa = XCBuildConfiguration;
			buildSettings = {
				BUNDLE_LOADER = "$(TEST_HOST)";
				FRAMEWORK_SEARCH_PATHS = (
					"$(SDKROOT)/Developer/Library/Frameworks",
					"$(inherited)",
				);
				GCC_PREPROCESSOR_DEFINITIONS = (
					"DEBUG=1",
					"$(inherited)",
				);
				INFOPLIST_FILE = PostcardTests/Info.plist;
				LD_RUNPATH_SEARCH_PATHS = "$(inherited) @executable_path/Frameworks @loader_path/Frameworks";
				PRODUCT_NAME = "$(TARGET_NAME)";
				TEST_HOST = "$(BUILT_PRODUCTS_DIR)/Postcard.app/Postcard";
			};
			name = Debug;
		};
		968D8F6F1B0B841900929144 /* Release */ = {
			isa = XCBuildConfiguration;
			buildSettings = {
				BUNDLE_LOADER = "$(TEST_HOST)";
				FRAMEWORK_SEARCH_PATHS = (
					"$(SDKROOT)/Developer/Library/Frameworks",
					"$(inherited)",
				);
				INFOPLIST_FILE = PostcardTests/Info.plist;
				LD_RUNPATH_SEARCH_PATHS = "$(inherited) @executable_path/Frameworks @loader_path/Frameworks";
				PRODUCT_NAME = "$(TARGET_NAME)";
				TEST_HOST = "$(BUILT_PRODUCTS_DIR)/Postcard.app/Postcard";
			};
			name = Release;
		};
/* End XCBuildConfiguration section */

/* Begin XCConfigurationList section */
		968D8F461B0B841900929144 /* Build configuration list for PBXProject "Postcard" */ = {
			isa = XCConfigurationList;
			buildConfigurations = (
				968D8F681B0B841900929144 /* Debug */,
				968D8F691B0B841900929144 /* Release */,
			);
			defaultConfigurationIsVisible = 0;
			defaultConfigurationName = Release;
		};
		968D8F6A1B0B841900929144 /* Build configuration list for PBXNativeTarget "Postcard" */ = {
			isa = XCConfigurationList;
			buildConfigurations = (
				968D8F6B1B0B841900929144 /* Debug */,
				968D8F6C1B0B841900929144 /* Release */,
			);
			defaultConfigurationIsVisible = 0;
		};
		968D8F6D1B0B841900929144 /* Build configuration list for PBXNativeTarget "PostcardTests" */ = {
			isa = XCConfigurationList;
			buildConfigurations = (
				968D8F6E1B0B841900929144 /* Debug */,
				968D8F6F1B0B841900929144 /* Release */,
			);
			defaultConfigurationIsVisible = 0;
		};
/* End XCConfigurationList section */
	};
	rootObject = 968D8F431B0B841900929144 /* Project object */;
}
